
Microsoft Visual Studio Solution File, Format Version 12.00
# Visual Studio Version 17
VisualStudioVersion = 17.5.33530.505
MinimumVisualStudioVersion = 10.0.40219.1
Project("{FAE04EC0-301F-11D3-BF4B-00C04F79EFBC}") = "c#rpg", "c#rpg\c#rpg.csproj", "{D4D8205C-FC9E-498C-9791-70FC0CAAD3EB}"
EndProject
Global
	GlobalSection(SolutionConfigurationPlatforms) = preSolution
		Debug|Any CPU = Debug|Any CPU
		Release|Any CPU = Release|Any CPU
	EndGlobalSection
	GlobalSection(ProjectConfigurationPlatforms) = postSolution
		{D4D8205C-FC9E-498C-9791-70FC0CAAD3EB}.Debug|Any CPU.ActiveCfg = Debug|Any CPU
		{D4D8205C-FC9E-498C-9791-70FC0CAAD3EB}.Debug|Any CPU.Build.0 = Debug|Any CPU
		{D4D8205C-FC9E-498C-9791-70FC0CAAD3EB}.Release|Any CPU.ActiveCfg = Release|Any CPU
		{D4D8205C-FC9E-498C-9791-70FC0CAAD3EB}.Release|Any CPU.Build.0 = Release|Any CPU
	EndGlobalSection
	GlobalSection(SolutionProperties) = preSolution
		HideSolutionNode = FALSE
	EndGlobalSection
	GlobalSection(ExtensibilityGlobals) = postSolution
		SolutionGuid = {2454116E-3B66-418C-8A87-FDA3C93940EB}
	EndGlobalSection
EndGlobal
